
Microsoft Visual Studio Solution File, Format Version 12.00
# Visual Studio 14
VisualStudioVersion = 14.0.25420.1
MinimumVisualStudioVersion = 10.0.40219.1
Project("{FAE04EC0-301F-11D3-BF4B-00C04F79EFBC}") = "PhotoCameraForms.Android", "PhotoCameraForms\PhotoCameraForms.Android\PhotoCameraForms.Android.csproj", "{F3B961F4-4AC3-4A17-AEB5-4E72D893327B}"
EndProject
Project("{FAE04EC0-301F-11D3-BF4B-00C04F79EFBC}") = "PhotoCameraForms", "PhotoCameraForms\PhotoCameraForms\PhotoCameraForms.csproj", "{BC9E22CA-31DF-41E4-8FEC-4F23964CBA98}"
EndProject
Project("{FAE04EC0-301F-11D3-BF4B-00C04F79EFBC}") = "PhotoCameraForms.UWP", "PhotoCameraForms\PhotoCameraForms.UWP\PhotoCameraForms.UWP.csproj", "{C4C8CDAB-CC2E-42FF-909A-D0772E25F08A}"
EndProject
Project("{FAE04EC0-301F-11D3-BF4B-00C04F79EFBC}") = "PhotoCameraForms.iOS", "PhotoCameraForms\PhotoCameraForms.iOS\PhotoCameraForms.iOS.csproj", "{F88E859D-3D49-4F3B-AB8E-8080242D5CEE}"
EndProject
Global
	GlobalSection(SolutionConfigurationPlatforms) = preSolution
		Ad-Hoc|Any CPU = Ad-Hoc|Any CPU
		Ad-Hoc|ARM = Ad-Hoc|ARM
		Ad-Hoc|iPhone = Ad-Hoc|iPhone
		Ad-Hoc|iPhoneSimulator = Ad-Hoc|iPhoneSimulator
		Ad-Hoc|x64 = Ad-Hoc|x64
		Ad-Hoc|x86 = Ad-Hoc|x86
		AppStore|Any CPU = AppStore|Any CPU
		AppStore|ARM = AppStore|ARM
		AppStore|iPhone = AppStore|iPhone
		AppStore|iPhoneSimulator = AppStore|iPhoneSimulator
		AppStore|x64 = AppStore|x64
		AppStore|x86 = AppStore|x86
		Debug|Any CPU = Debug|Any CPU
		Debug|ARM = Debug|ARM
		Debug|iPhone = Debug|iPhone
		Debug|iPhoneSimulator = Debug|iPhoneSimulator
		Debug|x64 = Debug|x64
		Debug|x86 = Debug|x86
		Release|Any CPU = Release|Any CPU
		Release|ARM = Release|ARM
		Release|iPhone = Release|iPhone
		Release|iPhoneSimulator = Release|iPhoneSimulator
		Release|x64 = Release|x64
		Release|x86 = Release|x86
	EndGlobalSection
	GlobalSection(ProjectConfigurationPlatforms) = postSolution
		{F3B961F4-4AC3-4A17-AEB5-4E72D893327B}.Ad-Hoc|Any CPU.ActiveCfg = Release|Any CPU
		{F3B961F4-4AC3-4A17-AEB5-4E72D893327B}.Ad-Hoc|Any CPU.Build.0 = Release|Any CPU
		{F3B961F4-4AC3-4A17-AEB5-4E72D893327B}.Ad-Hoc|Any CPU.Deploy.0 = Release|Any CPU
		{F3B961F4-4AC3-4A17-AEB5-4E72D893327B}.Ad-Hoc|ARM.ActiveCfg = Release|Any CPU
		{F3B961F4-4AC3-4A17-AEB5-4E72D893327B}.Ad-Hoc|ARM.Build.0 = Release|Any CPU
		{F3B961F4-4AC3-4A17-AEB5-4E72D893327B}.Ad-Hoc|ARM.Deploy.0 = Release|Any CPU
		{F3B961F4-4AC3-4A17-AEB5-4E72D893327B}.Ad-Hoc|iPhone.ActiveCfg = Release|Any CPU
		{F3B961F4-4AC3-4A17-AEB5-4E72D893327B}.Ad-Hoc|iPhone.Build.0 = Release|Any CPU
		{F3B961F4-4AC3-4A17-AEB5-4E72D893327B}.Ad-Hoc|iPhone.Deploy.0 = Release|Any CPU
		{F3B961F4-4AC3-4A17-AEB5-4E72D893327B}.Ad-Hoc|iPhoneSimulator.ActiveCfg = Release|Any CPU
		{F3B961F4-4AC3-4A17-AEB5-4E72D893327B}.Ad-Hoc|iPhoneSimulator.Build.0 = Release|Any CPU
		{F3B961F4-4AC3-4A17-AEB5-4E72D893327B}.Ad-Hoc|iPhoneSimulator.Deploy.0 = Release|Any CPU
		{F3B961F4-4AC3-4A17-AEB5-4E72D893327B}.Ad-Hoc|x64.ActiveCfg = Release|Any CPU
		{F3B961F4-4AC3-4A17-AEB5-4E72D893327B}.Ad-Hoc|x64.Build.0 = Release|Any CPU
		{F3B961F4-4AC3-4A17-AEB5-4E72D893327B}.Ad-Hoc|x64.Deploy.0 = Release|Any CPU
		{F3B961F4-4AC3-4A17-AEB5-4E72D893327B}.Ad-Hoc|x86.ActiveCfg = Release|Any CPU
		{F3B961F4-4AC3-4A17-AEB5-4E72D893327B}.Ad-Hoc|x86.Build.0 = Release|Any CPU
		{F3B961F4-4AC3-4A17-AEB5-4E72D893327B}.Ad-Hoc|x86.Deploy.0 = Release|Any CPU
		{F3B961F4-4AC3-4A17-AEB5-4E72D893327B}.AppStore|Any CPU.ActiveCfg = Release|Any CPU
		{F3B961F4-4AC3-4A17-AEB5-4E72D893327B}.AppStore|Any CPU.Build.0 = Release|Any CPU
		{F3B961F4-4AC3-4A17-AEB5-4E72D893327B}.AppStore|Any CPU.Deploy.0 = Release|Any CPU
		{F3B961F4-4AC3-4A17-AEB5-4E72D893327B}.AppStore|ARM.ActiveCfg = Release|Any CPU
		{F3B961F4-4AC3-4A17-AEB5-4E72D893327B}.AppStore|ARM.Build.0 = Release|Any CPU
		{F3B961F4-4AC3-4A17-AEB5-4E72D893327B}.AppStore|ARM.Deploy.0 = Release|Any CPU
		{F3B961F4-4AC3-4A17-AEB5-4E72D893327B}.AppStore|iPhone.ActiveCfg = Release|Any CPU
		{F3B961F4-4AC3-4A17-AEB5-4E72D893327B}.AppStore|iPhone.Build.0 = Release|Any CPU
		{F3B961F4-4AC3-4A17-AEB5-4E72D893327B}.AppStore|iPhone.Deploy.0 = Release|Any CPU
		{F3B961F4-4AC3-4A17-AEB5-4E72D893327B}.AppStore|iPhoneSimulator.ActiveCfg = Release|Any CPU
		{F3B961F4-4AC3-4A17-AEB5-4E72D893327B}.AppStore|iPhoneSimulator.Build.0 = Release|Any CPU
		{F3B961F4-4AC3-4A17-AEB5-4E72D893327B}.AppStore|iPhoneSimulator.Deploy.0 = Release|Any CPU
		{F3B961F4-4AC3-4A17-AEB5-4E72D893327B}.AppStore|x64.ActiveCfg = Release|Any CPU
		{F3B961F4-4AC3-4A17-AEB5-4E72D893327B}.AppStore|x64.Build.0 = Release|Any CPU
		{F3B961F4-4AC3-4A17-AEB5-4E72D893327B}.AppStore|x64.Deploy.0 = Release|Any CPU
		{F3B961F4-4AC3-4A17-AEB5-4E72D893327B}.AppStore|x86.ActiveCfg = Release|Any CPU
		{F3B961F4-4AC3-4A17-AEB5-4E72D893327B}.AppStore|x86.Build.0 = Release|Any CPU
		{F3B961F4-4AC3-4A17-AEB5-4E72D893327B}.AppStore|x86.Deploy.0 = Release|Any CPU
		{F3B961F4-4AC3-4A17-AEB5-4E72D893327B}.Debug|Any CPU.ActiveCfg = Debug|Any CPU
		{F3B961F4-4AC3-4A17-AEB5-4E72D893327B}.Debug|Any CPU.Build.0 = Debug|Any CPU
		{F3B961F4-4AC3-4A17-AEB5-4E72D893327B}.Debug|Any CPU.Deploy.0 = Debug|Any CPU
		{F3B961F4-4AC3-4A17-AEB5-4E72D893327B}.Debug|ARM.ActiveCfg = Debug|Any CPU
		{F3B961F4-4AC3-4A17-AEB5-4E72D893327B}.Debug|ARM.Build.0 = Debug|Any CPU
		{F3B961F4-4AC3-4A17-AEB5-4E72D893327B}.Debug|ARM.Deploy.0 = Debug|Any CPU
		{F3B961F4-4AC3-4A17-AEB5-4E72D893327B}.Debug|iPhone.ActiveCfg = Debug|Any CPU
		{F3B961F4-4AC3-4A17-AEB5-4E72D893327B}.Debug|iPhone.Build.0 = Debug|Any CPU
		{F3B961F4-4AC3-4A17-AEB5-4E72D893327B}.Debug|iPhone.Deploy.0 = Debug|Any CPU
		{F3B961F4-4AC3-4A17-AEB5-4E72D893327B}.Debug|iPhoneSimulator.ActiveCfg = Debug|Any CPU
		{F3B961F4-4AC3-4A17-AEB5-4E72D893327B}.Debug|iPhoneSimulator.Build.0 = Debug|Any CPU
		{F3B961F4-4AC3-4A17-AEB5-4E72D893327B}.Debug|iPhoneSimulator.Deploy.0 = Debug|Any CPU
		{F3B961F4-4AC3-4A17-AEB5-4E72D893327B}.Debug|x64.ActiveCfg = Debug|Any CPU
		{F3B961F4-4AC3-4A17-AEB5-4E72D893327B}.Debug|x64.Build.0 = Debug|Any CPU
		{F3B961F4-4AC3-4A17-AEB5-4E72D893327B}.Debug|x64.Deploy.0 = Debug|Any CPU
		{F3B961F4-4AC3-4A17-AEB5-4E72D893327B}.Debug|x86.ActiveCfg = Debug|Any CPU
		{F3B961F4-4AC3-4A17-AEB5-4E72D893327B}.Debug|x86.Build.0 = Debug|Any CPU
		{F3B961F4-4AC3-4A17-AEB5-4E72D893327B}.Debug|x86.Deploy.0 = Debug|Any CPU
		{F3B961F4-4AC3-4A17-AEB5-4E72D893327B}.Release|Any CPU.ActiveCfg = Release|Any CPU
		{F3B961F4-4AC3-4A17-AEB5-4E72D893327B}.Release|Any CPU.Build.0 = Release|Any CPU
		{F3B961F4-4AC3-4A17-AEB5-4E72D893327B}.Release|Any CPU.Deploy.0 = Release|Any CPU
		{F3B961F4-4AC3-4A17-AEB5-4E72D893327B}.Release|ARM.ActiveCfg = Release|Any CPU
		{F3B961F4-4AC3-4A17-AEB5-4E72D893327B}.Release|ARM.Build.0 = Release|Any CPU
		{F3B961F4-4AC3-4A17-AEB5-4E72D893327B}.Release|ARM.Deploy.0 = Release|Any CPU
		{F3B961F4-4AC3-4A17-AEB5-4E72D893327B}.Release|iPhone.ActiveCfg = Release|Any CPU
		{F3B961F4-4AC3-4A17-AEB5-4E72D893327B}.Release|iPhone.Build.0 = Release|Any CPU
		{F3B961F4-4AC3-4A17-AEB5-4E72D893327B}.Release|iPhone.Deploy.0 = Release|Any CPU
		{F3B961F4-4AC3-4A17-AEB5-4E72D893327B}.Release|iPhoneSimulator.ActiveCfg = Release|Any CPU
		{F3B961F4-4AC3-4A17-AEB5-4E72D893327B}.Release|iPhoneSimulator.Build.0 = Release|Any CPU
		{F3B961F4-4AC3-4A17-AEB5-4E72D893327B}.Release|iPhoneSimulator.Deploy.0 = Release|Any CPU
		{F3B961F4-4AC3-4A17-AEB5-4E72D893327B}.Release|x64.ActiveCfg = Release|Any CPU
		{F3B961F4-4AC3-4A17-AEB5-4E72D893327B}.Release|x64.Build.0 = Release|Any CPU
		{F3B961F4-4AC3-4A17-AEB5-4E72D893327B}.Release|x64.Deploy.0 = Release|Any CPU
		{F3B961F4-4AC3-4A17-AEB5-4E72D893327B}.Release|x86.ActiveCfg = Release|Any CPU
		{F3B961F4-4AC3-4A17-AEB5-4E72D893327B}.Release|x86.Build.0 = Release|Any CPU
		{F3B961F4-4AC3-4A17-AEB5-4E72D893327B}.Release|x86.Deploy.0 = Release|Any CPU
		{BC9E22CA-31DF-41E4-8FEC-4F23964CBA98}.Ad-Hoc|Any CPU.ActiveCfg = Release|Any CPU
		{BC9E22CA-31DF-41E4-8FEC-4F23964CBA98}.Ad-Hoc|Any CPU.Build.0 = Release|Any CPU
		{BC9E22CA-31DF-41E4-8FEC-4F23964CBA98}.Ad-Hoc|Any CPU.Deploy.0 = Release|Any CPU
		{BC9E22CA-31DF-41E4-8FEC-4F23964CBA98}.Ad-Hoc|ARM.ActiveCfg = Release|Any CPU
		{BC9E22CA-31DF-41E4-8FEC-4F23964CBA98}.Ad-Hoc|ARM.Build.0 = Release|Any CPU
		{BC9E22CA-31DF-41E4-8FEC-4F23964CBA98}.Ad-Hoc|ARM.Deploy.0 = Release|Any CPU
		{BC9E22CA-31DF-41E4-8FEC-4F23964CBA98}.Ad-Hoc|iPhone.ActiveCfg = Release|Any CPU
		{BC9E22CA-31DF-41E4-8FEC-4F23964CBA98}.Ad-Hoc|iPhone.Build.0 = Release|Any CPU
		{BC9E22CA-31DF-41E4-8FEC-4F23964CBA98}.Ad-Hoc|iPhone.Deploy.0 = Release|Any CPU
		{BC9E22CA-31DF-41E4-8FEC-4F23964CBA98}.Ad-Hoc|iPhoneSimulator.ActiveCfg = Release|Any CPU
		{BC9E22CA-31DF-41E4-8FEC-4F23964CBA98}.Ad-Hoc|iPhoneSimulator.Build.0 = Release|Any CPU
		{BC9E22CA-31DF-41E4-8FEC-4F23964CBA98}.Ad-Hoc|iPhoneSimulator.Deploy.0 = Release|Any CPU
		{BC9E22CA-31DF-41E4-8FEC-4F23964CBA98}.Ad-Hoc|x64.ActiveCfg = Release|Any CPU
		{BC9E22CA-31DF-41E4-8FEC-4F23964CBA98}.Ad-Hoc|x64.Build.0 = Release|Any CPU
		{BC9E22CA-31DF-41E4-8FEC-4F23964CBA98}.Ad-Hoc|x64.Deploy.0 = Release|Any CPU
		{BC9E22CA-31DF-41E4-8FEC-4F23964CBA98}.Ad-Hoc|x86.ActiveCfg = Release|Any CPU
		{BC9E22CA-31DF-41E4-8FEC-4F23964CBA98}.Ad-Hoc|x86.Build.0 = Release|Any CPU
		{BC9E22CA-31DF-41E4-8FEC-4F23964CBA98}.Ad-Hoc|x86.Deploy.0 = Release|Any CPU
		{BC9E22CA-31DF-41E4-8FEC-4F23964CBA98}.AppStore|Any CPU.ActiveCfg = Release|Any CPU
		{BC9E22CA-31DF-41E4-8FEC-4F23964CBA98}.AppStore|Any CPU.Build.0 = Release|Any CPU
		{BC9E22CA-31DF-41E4-8FEC-4F23964CBA98}.AppStore|Any CPU.Deploy.0 = Release|Any CPU
		{BC9E22CA-31DF-41E4-8FEC-4F23964CBA98}.AppStore|ARM.ActiveCfg = Release|Any CPU
		{BC9E22CA-31DF-41E4-8FEC-4F23964CBA98}.AppStore|ARM.Build.0 = Release|Any CPU
		{BC9E22CA-31DF-41E4-8FEC-4F23964CBA98}.AppStore|ARM.Deploy.0 = Release|Any CPU
		{BC9E22CA-31DF-41E4-8FEC-4F23964CBA98}.AppStore|iPhone.ActiveCfg = Release|Any CPU
		{BC9E22CA-31DF-41E4-8FEC-4F23964CBA98}.AppStore|iPhone.Build.0 = Release|Any CPU
		{BC9E22CA-31DF-41E4-8FEC-4F23964CBA98}.AppStore|iPhone.Deploy.0 = Release|Any CPU
		{BC9E22CA-31DF-41E4-8FEC-4F23964CBA98}.AppStore|iPhoneSimulator.ActiveCfg = Release|Any CPU
		{BC9E22CA-31DF-41E4-8FEC-4F23964CBA98}.AppStore|iPhoneSimulator.Build.0 = Release|Any CPU
		{BC9E22CA-31DF-41E4-8FEC-4F23964CBA98}.AppStore|iPhoneSimulator.Deploy.0 = Release|Any CPU
		{BC9E22CA-31DF-41E4-8FEC-4F23964CBA98}.AppStore|x64.ActiveCfg = Release|Any CPU
		{BC9E22CA-31DF-41E4-8FEC-4F23964CBA98}.AppStore|x64.Build.0 = Release|Any CPU
		{BC9E22CA-31DF-41E4-8FEC-4F23964CBA98}.AppStore|x64.Deploy.0 = Release|Any CPU
		{BC9E22CA-31DF-41E4-8FEC-4F23964CBA98}.AppStore|x86.ActiveCfg = Release|Any CPU
		{BC9E22CA-31DF-41E4-8FEC-4F23964CBA98}.AppStore|x86.Build.0 = Release|Any CPU
		{BC9E22CA-31DF-41E4-8FEC-4F23964CBA98}.AppStore|x86.Deploy.0 = Release|Any CPU
		{BC9E22CA-31DF-41E4-8FEC-4F23964CBA98}.Debug|Any CPU.ActiveCfg = Debug|Any CPU
		{BC9E22CA-31DF-41E4-8FEC-4F23964CBA98}.Debug|Any CPU.Build.0 = Debug|Any CPU
		{BC9E22CA-31DF-41E4-8FEC-4F23964CBA98}.Debug|Any CPU.Deploy.0 = Debug|Any CPU
		{BC9E22CA-31DF-41E4-8FEC-4F23964CBA98}.Debug|ARM.ActiveCfg = Debug|Any CPU
		{BC9E22CA-31DF-41E4-8FEC-4F23964CBA98}.Debug|ARM.Build.0 = Debug|Any CPU
		{BC9E22CA-31DF-41E4-8FEC-4F23964CBA98}.Debug|ARM.Deploy.0 = Debug|Any CPU
		{BC9E22CA-31DF-41E4-8FEC-4F23964CBA98}.Debug|iPhone.ActiveCfg = Debug|Any CPU
		{BC9E22CA-31DF-41E4-8FEC-4F23964CBA98}.Debug|iPhone.Build.0 = Debug|Any CPU
		{BC9E22CA-31DF-41E4-8FEC-4F23964CBA98}.Debug|iPhone.Deploy.0 = Debug|Any CPU
		{BC9E22CA-31DF-41E4-8FEC-4F23964CBA98}.Debug|iPhoneSimulator.ActiveCfg = Debug|Any CPU
		{BC9E22CA-31DF-41E4-8FEC-4F23964CBA98}.Debug|iPhoneSimulator.Build.0 = Debug|Any CPU
		{BC9E22CA-31DF-41E4-8FEC-4F23964CBA98}.Debug|iPhoneSimulator.Deploy.0 = Debug|Any CPU
		{BC9E22CA-31DF-41E4-8FEC-4F23964CBA98}.Debug|x64.ActiveCfg = Debug|Any CPU
		{BC9E22CA-31DF-41E4-8FEC-4F23964CBA98}.Debug|x64.Build.0 = Debug|Any CPU
		{BC9E22CA-31DF-41E4-8FEC-4F23964CBA98}.Debug|x64.Deploy.0 = Debug|Any CPU
		{BC9E22CA-31DF-41E4-8FEC-4F23964CBA98}.Debug|x86.ActiveCfg = Debug|Any CPU
		{BC9E22CA-31DF-41E4-8FEC-4F23964CBA98}.Debug|x86.Build.0 = Debug|Any CPU
		{BC9E22CA-31DF-41E4-8FEC-4F23964CBA98}.Debug|x86.Deploy.0 = Debug|Any CPU
		{BC9E22CA-31DF-41E4-8FEC-4F23964CBA98}.Release|Any CPU.ActiveCfg = Release|Any CPU
		{BC9E22CA-31DF-41E4-8FEC-4F23964CBA98}.Release|Any CPU.Build.0 = Release|Any CPU
		{BC9E22CA-31DF-41E4-8FEC-4F23964CBA98}.Release|Any CPU.Deploy.0 = Release|Any CPU
		{BC9E22CA-31DF-41E4-8FEC-4F23964CBA98}.Release|ARM.ActiveCfg = Release|Any CPU
		{BC9E22CA-31DF-41E4-8FEC-4F23964CBA98}.Release|ARM.Build.0 = Release|Any CPU
		{BC9E22CA-31DF-41E4-8FEC-4F23964CBA98}.Release|ARM.Deploy.0 = Release|Any CPU
		{BC9E22CA-31DF-41E4-8FEC-4F23964CBA98}.Release|iPhone.ActiveCfg = Release|Any CPU
		{BC9E22CA-31DF-41E4-8FEC-4F23964CBA98}.Release|iPhone.Build.0 = Release|Any CPU
		{BC9E22CA-31DF-41E4-8FEC-4F23964CBA98}.Release|iPhone.Deploy.0 = Release|Any CPU
		{BC9E22CA-31DF-41E4-8FEC-4F23964CBA98}.Release|iPhoneSimulator.ActiveCfg = Release|Any CPU
		{BC9E22CA-31DF-41E4-8FEC-4F23964CBA98}.Release|iPhoneSimulator.Build.0 = Release|Any CPU
		{BC9E22CA-31DF-41E4-8FEC-4F23964CBA98}.Release|iPhoneSimulator.Deploy.0 = Release|Any CPU
		{BC9E22CA-31DF-41E4-8FEC-4F23964CBA98}.Release|x64.ActiveCfg = Release|Any CPU
		{BC9E22CA-31DF-41E4-8FEC-4F23964CBA98}.Release|x64.Build.0 = Release|Any CPU
		{BC9E22CA-31DF-41E4-8FEC-4F23964CBA98}.Release|x64.Deploy.0 = Release|Any CPU
		{BC9E22CA-31DF-41E4-8FEC-4F23964CBA98}.Release|x86.ActiveCfg = Release|Any CPU
		{BC9E22CA-31DF-41E4-8FEC-4F23964CBA98}.Release|x86.Build.0 = Release|Any CPU
		{BC9E22CA-31DF-41E4-8FEC-4F23964CBA98}.Release|x86.Deploy.0 = Release|Any CPU
		{C4C8CDAB-CC2E-42FF-909A-D0772E25F08A}.Ad-Hoc|Any CPU.ActiveCfg = Release|x86
		{C4C8CDAB-CC2E-42FF-909A-D0772E25F08A}.Ad-Hoc|Any CPU.Build.0 = Release|x86
		{C4C8CDAB-CC2E-42FF-909A-D0772E25F08A}.Ad-Hoc|Any CPU.Deploy.0 = Release|x86
		{C4C8CDAB-CC2E-42FF-909A-D0772E25F08A}.Ad-Hoc|ARM.ActiveCfg = Release|ARM
		{C4C8CDAB-CC2E-42FF-909A-D0772E25F08A}.Ad-Hoc|ARM.Build.0 = Release|ARM
		{C4C8CDAB-CC2E-42FF-909A-D0772E25F08A}.Ad-Hoc|ARM.Deploy.0 = Release|ARM
		{C4C8CDAB-CC2E-42FF-909A-D0772E25F08A}.Ad-Hoc|iPhone.ActiveCfg = Release|x86
		{C4C8CDAB-CC2E-42FF-909A-D0772E25F08A}.Ad-Hoc|iPhone.Build.0 = Release|x86
		{C4C8CDAB-CC2E-42FF-909A-D0772E25F08A}.Ad-Hoc|iPhone.Deploy.0 = Release|x86
		{C4C8CDAB-CC2E-42FF-909A-D0772E25F08A}.Ad-Hoc|iPhoneSimulator.ActiveCfg = Release|x86
		{C4C8CDAB-CC2E-42FF-909A-D0772E25F08A}.Ad-Hoc|iPhoneSimulator.Build.0 = Release|x86
		{C4C8CDAB-CC2E-42FF-909A-D0772E25F08A}.Ad-Hoc|iPhoneSimulator.Deploy.0 = Release|x86
		{C4C8CDAB-CC2E-42FF-909A-D0772E25F08A}.Ad-Hoc|x64.ActiveCfg = Release|x64
		{C4C8CDAB-CC2E-42FF-909A-D0772E25F08A}.Ad-Hoc|x64.Build.0 = Release|x64
		{C4C8CDAB-CC2E-42FF-909A-D0772E25F08A}.Ad-Hoc|x64.Deploy.0 = Release|x64
		{C4C8CDAB-CC2E-42FF-909A-D0772E25F08A}.Ad-Hoc|x86.ActiveCfg = Release|x86
		{C4C8CDAB-CC2E-42FF-909A-D0772E25F08A}.Ad-Hoc|x86.Build.0 = Release|x86
		{C4C8CDAB-CC2E-42FF-909A-D0772E25F08A}.Ad-Hoc|x86.Deploy.0 = Release|x86
		{C4C8CDAB-CC2E-42FF-909A-D0772E25F08A}.AppStore|Any CPU.ActiveCfg = Release|x86
		{C4C8CDAB-CC2E-42FF-909A-D0772E25F08A}.AppStore|Any CPU.Build.0 = Release|x86
		{C4C8CDAB-CC2E-42FF-909A-D0772E25F08A}.AppStore|Any CPU.Deploy.0 = Release|x86
		{C4C8CDAB-CC2E-42FF-909A-D0772E25F08A}.AppStore|ARM.ActiveCfg = Release|ARM
		{C4C8CDAB-CC2E-42FF-909A-D0772E25F08A}.AppStore|ARM.Build.0 = Release|ARM
		{C4C8CDAB-CC2E-42FF-909A-D0772E25F08A}.AppStore|ARM.Deploy.0 = Release|ARM
		{C4C8CDAB-CC2E-42FF-909A-D0772E25F08A}.AppStore|iPhone.ActiveCfg = Release|x86
		{C4C8CDAB-CC2E-42FF-909A-D0772E25F08A}.AppStore|iPhone.Build.0 = Release|x86
		{C4C8CDAB-CC2E-42FF-909A-D0772E25F08A}.AppStore|iPhone.Deploy.0 = Release|x86
		{C4C8CDAB-CC2E-42FF-909A-D0772E25F08A}.AppStore|iPhoneSimulator.ActiveCfg = Release|x86
		{C4C8CDAB-CC2E-42FF-909A-D0772E25F08A}.AppStore|iPhoneSimulator.Build.0 = Release|x86
		{C4C8CDAB-CC2E-42FF-909A-D0772E25F08A}.AppStore|iPhoneSimulator.Deploy.0 = Release|x86
		{C4C8CDAB-CC2E-42FF-909A-D0772E25F08A}.AppStore|x64.ActiveCfg = Release|x64
		{C4C8CDAB-CC2E-42FF-909A-D0772E25F08A}.AppStore|x64.Build.0 = Release|x64
		{C4C8CDAB-CC2E-42FF-909A-D0772E25F08A}.AppStore|x64.Deploy.0 = Release|x64
		{C4C8CDAB-CC2E-42FF-909A-D0772E25F08A}.AppStore|x86.ActiveCfg = Release|x86
		{C4C8CDAB-CC2E-42FF-909A-D0772E25F08A}.AppStore|x86.Build.0 = Release|x86
		{C4C8CDAB-CC2E-42FF-909A-D0772E25F08A}.AppStore|x86.Deploy.0 = Release|x86
		{C4C8CDAB-CC2E-42FF-909A-D0772E25F08A}.Debug|Any CPU.ActiveCfg = Debug|x86
		{C4C8CDAB-CC2E-42FF-909A-D0772E25F08A}.Debug|Any CPU.Build.0 = Debug|x86
		{C4C8CDAB-CC2E-42FF-909A-D0772E25F08A}.Debug|Any CPU.Deploy.0 = Debug|x86
		{C4C8CDAB-CC2E-42FF-909A-D0772E25F08A}.Debug|ARM.ActiveCfg = Debug|ARM
		{C4C8CDAB-CC2E-42FF-909A-D0772E25F08A}.Debug|ARM.Build.0 = Debug|ARM
		{C4C8CDAB-CC2E-42FF-909A-D0772E25F08A}.Debug|ARM.Deploy.0 = Debug|ARM
		{C4C8CDAB-CC2E-42FF-909A-D0772E25F08A}.Debug|iPhone.ActiveCfg = Debug|x86
		{C4C8CDAB-CC2E-42FF-909A-D0772E25F08A}.Debug|iPhone.Build.0 = Debug|x86
		{C4C8CDAB-CC2E-42FF-909A-D0772E25F08A}.Debug|iPhone.Deploy.0 = Debug|x86
		{C4C8CDAB-CC2E-42FF-909A-D0772E25F08A}.Debug|iPhoneSimulator.ActiveCfg = Debug|x86
		{C4C8CDAB-CC2E-42FF-909A-D0772E25F08A}.Debug|iPhoneSimulator.Build.0 = Debug|x86
		{C4C8CDAB-CC2E-42FF-909A-D0772E25F08A}.Debug|iPhoneSimulator.Deploy.0 = Debug|x86
		{C4C8CDAB-CC2E-42FF-909A-D0772E25F08A}.Debug|x64.ActiveCfg = Debug|x64
		{C4C8CDAB-CC2E-42FF-909A-D0772E25F08A}.Debug|x64.Build.0 = Debug|x64
		{C4C8CDAB-CC2E-42FF-909A-D0772E25F08A}.Debug|x64.Deploy.0 = Debug|x64
		{C4C8CDAB-CC2E-42FF-909A-D0772E25F08A}.Debug|x86.ActiveCfg = Debug|x86
		{C4C8CDAB-CC2E-42FF-909A-D0772E25F08A}.Debug|x86.Build.0 = Debug|x86
		{C4C8CDAB-CC2E-42FF-909A-D0772E25F08A}.Debug|x86.Deploy.0 = Debug|x86
		{C4C8CDAB-CC2E-42FF-909A-D0772E25F08A}.Release|Any CPU.ActiveCfg = Release|x86
		{C4C8CDAB-CC2E-42FF-909A-D0772E25F08A}.Release|Any CPU.Build.0 = Release|x86
		{C4C8CDAB-CC2E-42FF-909A-D0772E25F08A}.Release|Any CPU.Deploy.0 = Release|x86
		{C4C8CDAB-CC2E-42FF-909A-D0772E25F08A}.Release|ARM.ActiveCfg = Release|ARM
		{C4C8CDAB-CC2E-42FF-909A-D0772E25F08A}.Release|ARM.Build.0 = Release|ARM
		{C4C8CDAB-CC2E-42FF-909A-D0772E25F08A}.Release|ARM.Deploy.0 = Release|ARM
		{C4C8CDAB-CC2E-42FF-909A-D0772E25F08A}.Release|iPhone.ActiveCfg = Release|x86
		{C4C8CDAB-CC2E-42FF-909A-D0772E25F08A}.Release|iPhone.Build.0 = Release|x86
		{C4C8CDAB-CC2E-42FF-909A-D0772E25F08A}.Release|iPhone.Deploy.0 = Release|x86
		{C4C8CDAB-CC2E-42FF-909A-D0772E25F08A}.Release|iPhoneSimulator.ActiveCfg = Release|x86
		{C4C8CDAB-CC2E-42FF-909A-D0772E25F08A}.Release|iPhoneSimulator.Build.0 = Release|x86
		{C4C8CDAB-CC2E-42FF-909A-D0772E25F08A}.Release|iPhoneSimulator.Deploy.0 = Release|x86
		{C4C8CDAB-CC2E-42FF-909A-D0772E25F08A}.Release|x64.ActiveCfg = Release|x64
		{C4C8CDAB-CC2E-42FF-909A-D0772E25F08A}.Release|x64.Build.0 = Release|x64
		{C4C8CDAB-CC2E-42FF-909A-D0772E25F08A}.Release|x64.Deploy.0 = Release|x64
		{C4C8CDAB-CC2E-42FF-909A-D0772E25F08A}.Release|x86.ActiveCfg = Release|x86
		{C4C8CDAB-CC2E-42FF-909A-D0772E25F08A}.Release|x86.Build.0 = Release|x86
		{C4C8CDAB-CC2E-42FF-909A-D0772E25F08A}.Release|x86.Deploy.0 = Release|x86
		{F88E859D-3D49-4F3B-AB8E-8080242D5CEE}.Ad-Hoc|Any CPU.ActiveCfg = Ad-Hoc|iPhone
		{F88E859D-3D49-4F3B-AB8E-8080242D5CEE}.Ad-Hoc|Any CPU.Build.0 = Ad-Hoc|iPhone
		{F88E859D-3D49-4F3B-AB8E-8080242D5CEE}.Ad-Hoc|Any CPU.Deploy.0 = Ad-Hoc|iPhone
		{F88E859D-3D49-4F3B-AB8E-8080242D5CEE}.Ad-Hoc|ARM.ActiveCfg = Ad-Hoc|iPhone
		{F88E859D-3D49-4F3B-AB8E-8080242D5CEE}.Ad-Hoc|ARM.Build.0 = Ad-Hoc|iPhone
		{F88E859D-3D49-4F3B-AB8E-8080242D5CEE}.Ad-Hoc|ARM.Deploy.0 = Ad-Hoc|iPhone
		{F88E859D-3D49-4F3B-AB8E-8080242D5CEE}.Ad-Hoc|iPhone.ActiveCfg = Ad-Hoc|iPhone
		{F88E859D-3D49-4F3B-AB8E-8080242D5CEE}.Ad-Hoc|iPhone.Build.0 = Ad-Hoc|iPhone
		{F88E859D-3D49-4F3B-AB8E-8080242D5CEE}.Ad-Hoc|iPhone.Deploy.0 = Ad-Hoc|iPhone
		{F88E859D-3D49-4F3B-AB8E-8080242D5CEE}.Ad-Hoc|iPhoneSimulator.ActiveCfg = Ad-Hoc|iPhoneSimulator
		{F88E859D-3D49-4F3B-AB8E-8080242D5CEE}.Ad-Hoc|iPhoneSimulator.Build.0 = Ad-Hoc|iPhoneSimulator
		{F88E859D-3D49-4F3B-AB8E-8080242D5CEE}.Ad-Hoc|iPhoneSimulator.Deploy.0 = Ad-Hoc|iPhoneSimulator
		{F88E859D-3D49-4F3B-AB8E-8080242D5CEE}.Ad-Hoc|x64.ActiveCfg = Ad-Hoc|iPhone
		{F88E859D-3D49-4F3B-AB8E-8080242D5CEE}.Ad-Hoc|x64.Build.0 = Ad-Hoc|iPhone
		{F88E859D-3D49-4F3B-AB8E-8080242D5CEE}.Ad-Hoc|x64.Deploy.0 = Ad-Hoc|iPhone
		{F88E859D-3D49-4F3B-AB8E-8080242D5CEE}.Ad-Hoc|x86.ActiveCfg = Ad-Hoc|iPhone
		{F88E859D-3D49-4F3B-AB8E-8080242D5CEE}.Ad-Hoc|x86.Build.0 = Ad-Hoc|iPhone
		{F88E859D-3D49-4F3B-AB8E-8080242D5CEE}.Ad-Hoc|x86.Deploy.0 = Ad-Hoc|iPhone
		{F88E859D-3D49-4F3B-AB8E-8080242D5CEE}.AppStore|Any CPU.ActiveCfg = AppStore|iPhone
		{F88E859D-3D49-4F3B-AB8E-8080242D5CEE}.AppStore|Any CPU.Build.0 = AppStore|iPhone
		{F88E859D-3D49-4F3B-AB8E-8080242D5CEE}.AppStore|Any CPU.Deploy.0 = AppStore|iPhone
		{F88E859D-3D49-4F3B-AB8E-8080242D5CEE}.AppStore|ARM.ActiveCfg = AppStore|iPhone
		{F88E859D-3D49-4F3B-AB8E-8080242D5CEE}.AppStore|ARM.Build.0 = AppStore|iPhone
		{F88E859D-3D49-4F3B-AB8E-8080242D5CEE}.AppStore|ARM.Deploy.0 = AppStore|iPhone
		{F88E859D-3D49-4F3B-AB8E-8080242D5CEE}.AppStore|iPhone.ActiveCfg = AppStore|iPhone
		{F88E859D-3D49-4F3B-AB8E-8080242D5CEE}.AppStore|iPhone.Build.0 = AppStore|iPhone
		{F88E859D-3D49-4F3B-AB8E-8080242D5CEE}.AppStore|iPhone.Deploy.0 = AppStore|iPhone
		{F88E859D-3D49-4F3B-AB8E-8080242D5CEE}.AppStore|iPhoneSimulator.ActiveCfg = AppStore|iPhoneSimulator
		{F88E859D-3D49-4F3B-AB8E-8080242D5CEE}.AppStore|iPhoneSimulator.Build.0 = AppStore|iPhoneSimulator
		{F88E859D-3D49-4F3B-AB8E-8080242D5CEE}.AppStore|iPhoneSimulator.Deploy.0 = AppStore|iPhoneSimulator
		{F88E859D-3D49-4F3B-AB8E-8080242D5CEE}.AppStore|x64.ActiveCfg = AppStore|iPhone
		{F88E859D-3D49-4F3B-AB8E-8080242D5CEE}.AppStore|x64.Build.0 = AppStore|iPhone
		{F88E859D-3D49-4F3B-AB8E-8080242D5CEE}.AppStore|x64.Deploy.0 = AppStore|iPhone
		{F88E859D-3D49-4F3B-AB8E-8080242D5CEE}.AppStore|x86.ActiveCfg = AppStore|iPhone
		{F88E859D-3D49-4F3B-AB8E-8080242D5CEE}.AppStore|x86.Build.0 = AppStore|iPhone
		{F88E859D-3D49-4F3B-AB8E-8080242D5CEE}.AppStore|x86.Deploy.0 = AppStore|iPhone
		{F88E859D-3D49-4F3B-AB8E-8080242D5CEE}.Debug|Any CPU.ActiveCfg = Debug|iPhoneSimulator
		{F88E859D-3D49-4F3B-AB8E-8080242D5CEE}.Debug|Any CPU.Build.0 = Debug|iPhoneSimulator
		{F88E859D-3D49-4F3B-AB8E-8080242D5CEE}.Debug|Any CPU.Deploy.0 = Debug|iPhoneSimulator
		{F88E859D-3D49-4F3B-AB8E-8080242D5CEE}.Debug|ARM.ActiveCfg = Debug|iPhone
		{F88E859D-3D49-4F3B-AB8E-8080242D5CEE}.Debug|ARM.Build.0 = Debug|iPhone
		{F88E859D-3D49-4F3B-AB8E-8080242D5CEE}.Debug|ARM.Deploy.0 = Debug|iPhone
		{F88E859D-3D49-4F3B-AB8E-8080242D5CEE}.Debug|iPhone.ActiveCfg = Debug|iPhone
		{F88E859D-3D49-4F3B-AB8E-8080242D5CEE}.Debug|iPhone.Build.0 = Debug|iPhone
		{F88E859D-3D49-4F3B-AB8E-8080242D5CEE}.Debug|iPhone.Deploy.0 = Debug|iPhone
		{F88E859D-3D49-4F3B-AB8E-8080242D5CEE}.Debug|iPhoneSimulator.ActiveCfg = Debug|iPhoneSimulator
		{F88E859D-3D49-4F3B-AB8E-8080242D5CEE}.Debug|iPhoneSimulator.Build.0 = Debug|iPhoneSimulator
		{F88E859D-3D49-4F3B-AB8E-8080242D5CEE}.Debug|iPhoneSimulator.Deploy.0 = Debug|iPhoneSimulator
		{F88E859D-3D49-4F3B-AB8E-8080242D5CEE}.Debug|x64.ActiveCfg = Debug|iPhone
		{F88E859D-3D49-4F3B-AB8E-8080242D5CEE}.Debug|x64.Build.0 = Debug|iPhone
		{F88E859D-3D49-4F3B-AB8E-8080242D5CEE}.Debug|x64.Deploy.0 = Debug|iPhone
		{F88E859D-3D49-4F3B-AB8E-8080242D5CEE}.Debug|x86.ActiveCfg = Debug|iPhone
		{F88E859D-3D49-4F3B-AB8E-8080242D5CEE}.Debug|x86.Build.0 = Debug|iPhone
		{F88E859D-3D49-4F3B-AB8E-8080242D5CEE}.Debug|x86.Deploy.0 = Debug|iPhone
		{F88E859D-3D49-4F3B-AB8E-8080242D5CEE}.Release|Any CPU.ActiveCfg = Release|iPhone
		{F88E859D-3D49-4F3B-AB8E-8080242D5CEE}.Release|Any CPU.Build.0 = Release|iPhone
		{F88E859D-3D49-4F3B-AB8E-8080242D5CEE}.Release|Any CPU.Deploy.0 = Release|iPhone
		{F88E859D-3D49-4F3B-AB8E-8080242D5CEE}.Release|ARM.ActiveCfg = Release|iPhone
		{F88E859D-3D49-4F3B-AB8E-8080242D5CEE}.Release|ARM.Build.0 = Release|iPhone
		{F88E859D-3D49-4F3B-AB8E-8080242D5CEE}.Release|ARM.Deploy.0 = Release|iPhone
		{F88E859D-3D49-4F3B-AB8E-8080242D5CEE}.Release|iPhone.ActiveCfg = Release|iPhone
		{F88E859D-3D49-4F3B-AB8E-8080242D5CEE}.Release|iPhone.Build.0 = Release|iPhone
		{F88E859D-3D49-4F3B-AB8E-8080242D5CEE}.Release|iPhone.Deploy.0 = Release|iPhone
		{F88E859D-3D49-4F3B-AB8E-8080242D5CEE}.Release|iPhoneSimulator.ActiveCfg = Release|iPhoneSimulator
		{F88E859D-3D49-4F3B-AB8E-8080242D5CEE}.Release|iPhoneSimulator.Build.0 = Release|iPhoneSimulator
		{F88E859D-3D49-4F3B-AB8E-8080242D5CEE}.Release|iPhoneSimulator.Deploy.0 = Release|iPhoneSimulator
		{F88E859D-3D49-4F3B-AB8E-8080242D5CEE}.Release|x64.ActiveCfg = Release|iPhone
		{F88E859D-3D49-4F3B-AB8E-8080242D5CEE}.Release|x64.Build.0 = Release|iPhone
		{F88E859D-3D49-4F3B-AB8E-8080242D5CEE}.Release|x64.Deploy.0 = Release|iPhone
		{F88E859D-3D49-4F3B-AB8E-8080242D5CEE}.Release|x86.ActiveCfg = Release|iPhone
		{F88E859D-3D49-4F3B-AB8E-8080242D5CEE}.Release|x86.Build.0 = Release|iPhone
		{F88E859D-3D49-4F3B-AB8E-8080242D5CEE}.Release|x86.Deploy.0 = Release|iPhone
	EndGlobalSection
	GlobalSection(SolutionProperties) = preSolution
		HideSolutionNode = FALSE
	EndGlobalSection
EndGlobal
